
Microsoft Visual Studio Solution File, Format Version 12.00
# Visual Studio Version 17
VisualStudioVersion = 17.9.34728.123
MinimumVisualStudioVersion = 10.0.40219.1
Project("{FAE04EC0-301F-11D3-BF4B-00C04F79EFBC}") = "Bitcoin kalkulaator", "Bitcoin kalkulaator\Bitcoin kalkulaator.csproj", "{84A473DB-FCB9-4092-BB52-0FB02447C13F}"
EndProject
Global
	GlobalSection(SolutionConfigurationPlatforms) = preSolution
		Debug|Any CPU = Debug|Any CPU
		Release|Any CPU = Release|Any CPU
	EndGlobalSection
	GlobalSection(ProjectConfigurationPlatforms) = postSolution
		{84A473DB-FCB9-4092-BB52-0FB02447C13F}.Debug|Any CPU.ActiveCfg = Debug|Any CPU
		{84A473DB-FCB9-4092-BB52-0FB02447C13F}.Debug|Any CPU.Build.0 = Debug|Any CPU
		{84A473DB-FCB9-4092-BB52-0FB02447C13F}.Release|Any CPU.ActiveCfg = Release|Any CPU
		{84A473DB-FCB9-4092-BB52-0FB02447C13F}.Release|Any CPU.Build.0 = Release|Any CPU
	EndGlobalSection
	GlobalSection(SolutionProperties) = preSolution
		HideSolutionNode = FALSE
	EndGlobalSection
	GlobalSection(ExtensibilityGlobals) = postSolution
		SolutionGuid = {BD3768F2-8C52-4BF9-82A1-3C5CBF1AB8F4}
	EndGlobalSection
EndGlobal
